
Microsoft Visual Studio Solution File, Format Version 12.00
# Visual Studio 2012
Project("{2150E333-8FDC-42A3-9474-1A3956D46DE8}") = "Application", "Application", "{897FC4EB-20EE-420E-AE00-B0254E32FE51}"
EndProject
Project("{2150E333-8FDC-42A3-9474-1A3956D46DE8}") = "Domain", "Domain", "{6E0C95A4-B7E1-4EA3-AA36-B45B9286DF00}"
EndProject
Project("{2150E333-8FDC-42A3-9474-1A3956D46DE8}") = "Infrastructur", "Infrastructur", "{0336E33C-C0F3-4A3B-A2D1-64E145E8AB80}"
EndProject
Project("{2150E333-8FDC-42A3-9474-1A3956D46DE8}") = "Presentation", "Presentation", "{DF9CB3C5-52ED-46BD-BBC9-AE4D1199E76F}"
EndProject
Project("{2150E333-8FDC-42A3-9474-1A3956D46DE8}") = "Model", "Model", "{7F38771C-607E-4BBF-8647-EFC689EDAECB}"
EndProject
Project("{2150E333-8FDC-42A3-9474-1A3956D46DE8}") = "MVC", "MVC", "{A60AAEBB-DFA9-433E-9E2A-F624E32C2AE7}"
EndProject
Project("{2150E333-8FDC-42A3-9474-1A3956D46DE8}") = "Service", "Service", "{C7BF3265-A77A-4231-B569-E5A3BFF420AE}"
EndProject
Project("{2150E333-8FDC-42A3-9474-1A3956D46DE8}") = "CrossCutting", "CrossCutting", "{5C41867D-4085-49E8-8335-B3733427FC68}"
EndProject
Project("{2150E333-8FDC-42A3-9474-1A3956D46DE8}") = "Repositories", "Repositories", "{49B9D9F0-87EA-48B9-B615-8248FC762107}"
EndProject
Project("{2150E333-8FDC-42A3-9474-1A3956D46DE8}") = "WebUI", "WebUI", "{AFE17572-2001-49F6-9F6A-6259F03D9CF6}"
EndProject
Project("{2150E333-8FDC-42A3-9474-1A3956D46DE8}") = "WinUI", "WinUI", "{FDB09EDC-6257-44A3-97F5-6F11FD4D0865}"
EndProject
Project("{FAE04EC0-301F-11D3-BF4B-00C04F79EFBC}") = "MvcPager", "MvcPager\MvcPager.csproj", "{32B7B7B2-15F9-48C9-99E2-34D3BED968D9}"
EndProject
Project("{FAE04EC0-301F-11D3-BF4B-00C04F79EFBC}") = "DDD.Infrastructur.Repositories", "DDD.Infrastructur.Repositories\DDD.Infrastructur.Repositories.csproj", "{B4E24113-CC86-4BEE-8EBC-0C8592420F76}"
EndProject
Project("{FAE04EC0-301F-11D3-BF4B-00C04F79EFBC}") = "DDD.Domain.Model", "DDD.Domain.Model\DDD.Domain.Model.csproj", "{23E0FE69-D44F-4174-876C-9FA6D91EB274}"
EndProject
Project("{FAE04EC0-301F-11D3-BF4B-00C04F79EFBC}") = "DDD.Infrastructur.Repositories.Sql", "DDD.Infrastructur.Repositories.Sql\DDD.Infrastructur.Repositories.Sql.csproj", "{85A96BD5-84A7-4313-AF41-C74BEBFB00EA}"
EndProject
Project("{FAE04EC0-301F-11D3-BF4B-00C04F79EFBC}") = "DDD.Domain", "DDD.Domain\DDD.Domain.csproj", "{5A0CA442-0F72-48E9-891B-AECE4F48BC4B}"
EndProject
Project("{FAE04EC0-301F-11D3-BF4B-00C04F79EFBC}") = "DDD.Domain.MainModule", "DDD.Domain.MainModule\DDD.Domain.MainModule.csproj", "{01326854-451D-4707-82EE-F71EBF07DB52}"
EndProject
Project("{FAE04EC0-301F-11D3-BF4B-00C04F79EFBC}") = "DDD.BusinessServiceEngine", "DDD.BusinessServiceEngine\DDD.BusinessServiceEngine.csproj", "{8DDA3DB3-AA9B-40ED-97F6-FC5C4DACD9AD}"
EndProject
Project("{FAE04EC0-301F-11D3-BF4B-00C04F79EFBC}") = "DDD.Utility", "DDD.Utility\DDD.Utility.csproj", "{D7D1CF1E-A5CB-44E3-A7E3-A7232DA87F1A}"
EndProject
Project("{FAE04EC0-301F-11D3-BF4B-00C04F79EFBC}") = "DDD.Infrastructure.CrossCutting.Cache", "DDD.Infrastructure.CrossCutting.Cache\DDD.Infrastructure.CrossCutting.Cache.csproj", "{B59D81B8-B62E-41D7-81DE-6C95DBEB63BF}"
EndProject
Project("{FAE04EC0-301F-11D3-BF4B-00C04F79EFBC}") = "DDD.Infrastructure.CrossCutting.Common", "DDD.Infrastructure.CrossCutting.Common\DDD.Infrastructure.CrossCutting.Common.csproj", "{188724AA-E509-4490-871F-CCE0755A1F1F}"
EndProject
Project("{FAE04EC0-301F-11D3-BF4B-00C04F79EFBC}") = "DDD.Infrastructure.CrossCutting.Exception", "DDD.Infrastructure.CrossCutting.Exception\DDD.Infrastructure.CrossCutting.Exception.csproj", "{5FD46F22-0DCC-462D-9151-0613438CE82C}"
EndProject
Project("{FAE04EC0-301F-11D3-BF4B-00C04F79EFBC}") = "DDD.Infrastructure.CrossCutting.IOC", "DDD.Infrastructure.CrossCutting.IOC\DDD.Infrastructure.CrossCutting.IOC.csproj", "{8F058E74-4869-417D-8110-AC94B4B8A468}"
EndProject
Project("{FAE04EC0-301F-11D3-BF4B-00C04F79EFBC}") = "DDD.Infrastructure.CrossCutting.Logging", "DDD.Infrastructure.CrossCutting.Logging\DDD.Infrastructure.CrossCutting.Logging.csproj", "{697CFB69-EE28-4C21-AF82-4FC5AD4DA97A}"
EndProject
Project("{FAE04EC0-301F-11D3-BF4B-00C04F79EFBC}") = "DDD.Infrastructure.CrossCutting.Resources", "DDD.Infrastructure.CrossCutting.Resources\DDD.Infrastructure.CrossCutting.Resources.csproj", "{8F7F743E-D1E2-4876-BE30-1206CEB8BA32}"
EndProject
Project("{FAE04EC0-301F-11D3-BF4B-00C04F79EFBC}") = "DDD.Application.Service", "DDD.Application.Service\DDD.Application.Service.csproj", "{A1B865BD-5740-499C-AE6A-FF41F78837E4}"
EndProject
Project("{FAE04EC0-301F-11D3-BF4B-00C04F79EFBC}") = "DDD.Application.MVC", "DDD.Application.MVC\DDD.Application.MVC.csproj", "{6ADC02FD-1A32-4C4F-ADA0-6F2C09D72764}"
EndProject
Project("{FAE04EC0-301F-11D3-BF4B-00C04F79EFBC}") = "DDD.WebUI.MVC", "DDD.WebUI.MVC\DDD.WebUI.MVC.csproj", "{A962F077-37C2-4FF3-B42D-C5238BB7D6BA}"
EndProject
Project("{FAE04EC0-301F-11D3-BF4B-00C04F79EFBC}") = "DDD.Application.Model", "DDD.Application.Model\DDD.Application.Model.csproj", "{D148F5B0-6A5E-4260-A49D-9D6D45146241}"
EndProject
Project("{2150E333-8FDC-42A3-9474-1A3956D46DE8}") = "Open", "Open", "{2942E878-75C1-43C1-BAF3-10020EF9CEB5}"
EndProject
Project("{2150E333-8FDC-42A3-9474-1A3956D46DE8}") = "WCF", "WCF", "{7A752002-ECE8-4926-A31D-0A0EC9F6252B}"
EndProject
Project("{FAE04EC0-301F-11D3-BF4B-00C04F79EFBC}") = "DDD.Application.MVC.Core", "DDD.Application.MVC.Core\DDD.Application.MVC.Core.csproj", "{BC2F1BD8-1A5D-4EBE-BCD3-861A4DBAB527}"
EndProject
Project("{FAE04EC0-301F-11D3-BF4B-00C04F79EFBC}") = "DDD.WCF.WcfRestService", "DDD.WCF.WcfRestService\DDD.WCF.WcfRestService.csproj", "{A5C02F1B-4826-46A4-99E4-05275D4CEEF5}"
EndProject
Project("{FAE04EC0-301F-11D3-BF4B-00C04F79EFBC}") = "DDD.Infrastructur.Repositories.Scripts", "DDD.Infrastructur.Repositories.Scripts\DDD.Infrastructur.Repositories.Scripts.csproj", "{F72BF65F-2253-43AF-8D8B-4BB706E0AB1B}"
EndProject
Project("{2150E333-8FDC-42A3-9474-1A3956D46DE8}") = ".nuget", ".nuget", "{72E74A25-E626-4185-AE3D-4BB36A5D90F3}"
	ProjectSection(SolutionItems) = preProject
		.nuget\NuGet.Config = .nuget\NuGet.Config
		.nuget\NuGet.exe = .nuget\NuGet.exe
		.nuget\NuGet.targets = .nuget\NuGet.targets
	EndProjectSection
EndProject
Global
	GlobalSection(SolutionConfigurationPlatforms) = preSolution
		Debug|Any CPU = Debug|Any CPU
		Release|Any CPU = Release|Any CPU
	EndGlobalSection
	GlobalSection(ProjectConfigurationPlatforms) = postSolution
		{32B7B7B2-15F9-48C9-99E2-34D3BED968D9}.Debug|Any CPU.ActiveCfg = Debug|Any CPU
		{32B7B7B2-15F9-48C9-99E2-34D3BED968D9}.Debug|Any CPU.Build.0 = Debug|Any CPU
		{32B7B7B2-15F9-48C9-99E2-34D3BED968D9}.Release|Any CPU.ActiveCfg = Release|Any CPU
		{32B7B7B2-15F9-48C9-99E2-34D3BED968D9}.Release|Any CPU.Build.0 = Release|Any CPU
		{B4E24113-CC86-4BEE-8EBC-0C8592420F76}.Debug|Any CPU.ActiveCfg = Debug|Any CPU
		{B4E24113-CC86-4BEE-8EBC-0C8592420F76}.Debug|Any CPU.Build.0 = Debug|Any CPU
		{B4E24113-CC86-4BEE-8EBC-0C8592420F76}.Release|Any CPU.ActiveCfg = Release|Any CPU
		{B4E24113-CC86-4BEE-8EBC-0C8592420F76}.Release|Any CPU.Build.0 = Release|Any CPU
		{23E0FE69-D44F-4174-876C-9FA6D91EB274}.Debug|Any CPU.ActiveCfg = Debug|Any CPU
		{23E0FE69-D44F-4174-876C-9FA6D91EB274}.Debug|Any CPU.Build.0 = Debug|Any CPU
		{23E0FE69-D44F-4174-876C-9FA6D91EB274}.Release|Any CPU.ActiveCfg = Release|Any CPU
		{23E0FE69-D44F-4174-876C-9FA6D91EB274}.Release|Any CPU.Build.0 = Release|Any CPU
		{85A96BD5-84A7-4313-AF41-C74BEBFB00EA}.Debug|Any CPU.ActiveCfg = Debug|Any CPU
		{85A96BD5-84A7-4313-AF41-C74BEBFB00EA}.Debug|Any CPU.Build.0 = Debug|Any CPU
		{85A96BD5-84A7-4313-AF41-C74BEBFB00EA}.Release|Any CPU.ActiveCfg = Release|Any CPU
		{85A96BD5-84A7-4313-AF41-C74BEBFB00EA}.Release|Any CPU.Build.0 = Release|Any CPU
		{5A0CA442-0F72-48E9-891B-AECE4F48BC4B}.Debug|Any CPU.ActiveCfg = Debug|Any CPU
		{5A0CA442-0F72-48E9-891B-AECE4F48BC4B}.Debug|Any CPU.Build.0 = Debug|Any CPU
		{5A0CA442-0F72-48E9-891B-AECE4F48BC4B}.Release|Any CPU.ActiveCfg = Release|Any CPU
		{5A0CA442-0F72-48E9-891B-AECE4F48BC4B}.Release|Any CPU.Build.0 = Release|Any CPU
		{01326854-451D-4707-82EE-F71EBF07DB52}.Debug|Any CPU.ActiveCfg = Debug|Any CPU
		{01326854-451D-4707-82EE-F71EBF07DB52}.Debug|Any CPU.Build.0 = Debug|Any CPU
		{01326854-451D-4707-82EE-F71EBF07DB52}.Release|Any CPU.ActiveCfg = Release|Any CPU
		{01326854-451D-4707-82EE-F71EBF07DB52}.Release|Any CPU.Build.0 = Release|Any CPU
		{8DDA3DB3-AA9B-40ED-97F6-FC5C4DACD9AD}.Debug|Any CPU.ActiveCfg = Debug|Any CPU
		{8DDA3DB3-AA9B-40ED-97F6-FC5C4DACD9AD}.Debug|Any CPU.Build.0 = Debug|Any CPU
		{8DDA3DB3-AA9B-40ED-97F6-FC5C4DACD9AD}.Release|Any CPU.ActiveCfg = Release|Any CPU
		{8DDA3DB3-AA9B-40ED-97F6-FC5C4DACD9AD}.Release|Any CPU.Build.0 = Release|Any CPU
		{D7D1CF1E-A5CB-44E3-A7E3-A7232DA87F1A}.Debug|Any CPU.ActiveCfg = Debug|Any CPU
		{D7D1CF1E-A5CB-44E3-A7E3-A7232DA87F1A}.Debug|Any CPU.Build.0 = Debug|Any CPU
		{D7D1CF1E-A5CB-44E3-A7E3-A7232DA87F1A}.Release|Any CPU.ActiveCfg = Release|Any CPU
		{D7D1CF1E-A5CB-44E3-A7E3-A7232DA87F1A}.Release|Any CPU.Build.0 = Release|Any CPU
		{B59D81B8-B62E-41D7-81DE-6C95DBEB63BF}.Debug|Any CPU.ActiveCfg = Debug|Any CPU
		{B59D81B8-B62E-41D7-81DE-6C95DBEB63BF}.Debug|Any CPU.Build.0 = Debug|Any CPU
		{B59D81B8-B62E-41D7-81DE-6C95DBEB63BF}.Release|Any CPU.ActiveCfg = Release|Any CPU
		{B59D81B8-B62E-41D7-81DE-6C95DBEB63BF}.Release|Any CPU.Build.0 = Release|Any CPU
		{188724AA-E509-4490-871F-CCE0755A1F1F}.Debug|Any CPU.ActiveCfg = Debug|Any CPU
		{188724AA-E509-4490-871F-CCE0755A1F1F}.Debug|Any CPU.Build.0 = Debug|Any CPU
		{188724AA-E509-4490-871F-CCE0755A1F1F}.Release|Any CPU.ActiveCfg = Release|Any CPU
		{188724AA-E509-4490-871F-CCE0755A1F1F}.Release|Any CPU.Build.0 = Release|Any CPU
		{5FD46F22-0DCC-462D-9151-0613438CE82C}.Debug|Any CPU.ActiveCfg = Debug|Any CPU
		{5FD46F22-0DCC-462D-9151-0613438CE82C}.Debug|Any CPU.Build.0 = Debug|Any CPU
		{5FD46F22-0DCC-462D-9151-0613438CE82C}.Release|Any CPU.ActiveCfg = Release|Any CPU
		{5FD46F22-0DCC-462D-9151-0613438CE82C}.Release|Any CPU.Build.0 = Release|Any CPU
		{8F058E74-4869-417D-8110-AC94B4B8A468}.Debug|Any CPU.ActiveCfg = Debug|Any CPU
		{8F058E74-4869-417D-8110-AC94B4B8A468}.Debug|Any CPU.Build.0 = Debug|Any CPU
		{8F058E74-4869-417D-8110-AC94B4B8A468}.Release|Any CPU.ActiveCfg = Release|Any CPU
		{8F058E74-4869-417D-8110-AC94B4B8A468}.Release|Any CPU.Build.0 = Release|Any CPU
		{697CFB69-EE28-4C21-AF82-4FC5AD4DA97A}.Debug|Any CPU.ActiveCfg = Debug|Any CPU
		{697CFB69-EE28-4C21-AF82-4FC5AD4DA97A}.Debug|Any CPU.Build.0 = Debug|Any CPU
		{697CFB69-EE28-4C21-AF82-4FC5AD4DA97A}.Release|Any CPU.ActiveCfg = Release|Any CPU
		{697CFB69-EE28-4C21-AF82-4FC5AD4DA97A}.Release|Any CPU.Build.0 = Release|Any CPU
		{8F7F743E-D1E2-4876-BE30-1206CEB8BA32}.Debug|Any CPU.ActiveCfg = Debug|Any CPU
		{8F7F743E-D1E2-4876-BE30-1206CEB8BA32}.Debug|Any CPU.Build.0 = Debug|Any CPU
		{8F7F743E-D1E2-4876-BE30-1206CEB8BA32}.Release|Any CPU.ActiveCfg = Release|Any CPU
		{8F7F743E-D1E2-4876-BE30-1206CEB8BA32}.Release|Any CPU.Build.0 = Release|Any CPU
		{A1B865BD-5740-499C-AE6A-FF41F78837E4}.Debug|Any CPU.ActiveCfg = Debug|Any CPU
		{A1B865BD-5740-499C-AE6A-FF41F78837E4}.Debug|Any CPU.Build.0 = Debug|Any CPU
		{A1B865BD-5740-499C-AE6A-FF41F78837E4}.Release|Any CPU.ActiveCfg = Release|Any CPU
		{A1B865BD-5740-499C-AE6A-FF41F78837E4}.Release|Any CPU.Build.0 = Release|Any CPU
		{6ADC02FD-1A32-4C4F-ADA0-6F2C09D72764}.Debug|Any CPU.ActiveCfg = Debug|Any CPU
		{6ADC02FD-1A32-4C4F-ADA0-6F2C09D72764}.Debug|Any CPU.Build.0 = Debug|Any CPU
		{6ADC02FD-1A32-4C4F-ADA0-6F2C09D72764}.Release|Any CPU.ActiveCfg = Release|Any CPU
		{6ADC02FD-1A32-4C4F-ADA0-6F2C09D72764}.Release|Any CPU.Build.0 = Release|Any CPU
		{A962F077-37C2-4FF3-B42D-C5238BB7D6BA}.Debug|Any CPU.ActiveCfg = Debug|Any CPU
		{A962F077-37C2-4FF3-B42D-C5238BB7D6BA}.Debug|Any CPU.Build.0 = Debug|Any CPU
		{A962F077-37C2-4FF3-B42D-C5238BB7D6BA}.Release|Any CPU.ActiveCfg = Release|Any CPU
		{A962F077-37C2-4FF3-B42D-C5238BB7D6BA}.Release|Any CPU.Build.0 = Release|Any CPU
		{D148F5B0-6A5E-4260-A49D-9D6D45146241}.Debug|Any CPU.ActiveCfg = Debug|Any CPU
		{D148F5B0-6A5E-4260-A49D-9D6D45146241}.Debug|Any CPU.Build.0 = Debug|Any CPU
		{D148F5B0-6A5E-4260-A49D-9D6D45146241}.Release|Any CPU.ActiveCfg = Release|Any CPU
		{D148F5B0-6A5E-4260-A49D-9D6D45146241}.Release|Any CPU.Build.0 = Release|Any CPU
		{BC2F1BD8-1A5D-4EBE-BCD3-861A4DBAB527}.Debug|Any CPU.ActiveCfg = Debug|Any CPU
		{BC2F1BD8-1A5D-4EBE-BCD3-861A4DBAB527}.Debug|Any CPU.Build.0 = Debug|Any CPU
		{BC2F1BD8-1A5D-4EBE-BCD3-861A4DBAB527}.Release|Any CPU.ActiveCfg = Release|Any CPU
		{BC2F1BD8-1A5D-4EBE-BCD3-861A4DBAB527}.Release|Any CPU.Build.0 = Release|Any CPU
		{A5C02F1B-4826-46A4-99E4-05275D4CEEF5}.Debug|Any CPU.ActiveCfg = Debug|Any CPU
		{A5C02F1B-4826-46A4-99E4-05275D4CEEF5}.Debug|Any CPU.Build.0 = Debug|Any CPU
		{A5C02F1B-4826-46A4-99E4-05275D4CEEF5}.Release|Any CPU.ActiveCfg = Release|Any CPU
		{A5C02F1B-4826-46A4-99E4-05275D4CEEF5}.Release|Any CPU.Build.0 = Release|Any CPU
		{F72BF65F-2253-43AF-8D8B-4BB706E0AB1B}.Debug|Any CPU.ActiveCfg = Debug|Any CPU
		{F72BF65F-2253-43AF-8D8B-4BB706E0AB1B}.Debug|Any CPU.Build.0 = Debug|Any CPU
		{F72BF65F-2253-43AF-8D8B-4BB706E0AB1B}.Release|Any CPU.ActiveCfg = Release|Any CPU
		{F72BF65F-2253-43AF-8D8B-4BB706E0AB1B}.Release|Any CPU.Build.0 = Release|Any CPU
	EndGlobalSection
	GlobalSection(SolutionProperties) = preSolution
		HideSolutionNode = FALSE
	EndGlobalSection
	GlobalSection(NestedProjects) = preSolution
		{7F38771C-607E-4BBF-8647-EFC689EDAECB} = {897FC4EB-20EE-420E-AE00-B0254E32FE51}
		{A60AAEBB-DFA9-433E-9E2A-F624E32C2AE7} = {897FC4EB-20EE-420E-AE00-B0254E32FE51}
		{C7BF3265-A77A-4231-B569-E5A3BFF420AE} = {897FC4EB-20EE-420E-AE00-B0254E32FE51}
		{23E0FE69-D44F-4174-876C-9FA6D91EB274} = {6E0C95A4-B7E1-4EA3-AA36-B45B9286DF00}
		{5A0CA442-0F72-48E9-891B-AECE4F48BC4B} = {6E0C95A4-B7E1-4EA3-AA36-B45B9286DF00}
		{01326854-451D-4707-82EE-F71EBF07DB52} = {6E0C95A4-B7E1-4EA3-AA36-B45B9286DF00}
		{5C41867D-4085-49E8-8335-B3733427FC68} = {0336E33C-C0F3-4A3B-A2D1-64E145E8AB80}
		{49B9D9F0-87EA-48B9-B615-8248FC762107} = {0336E33C-C0F3-4A3B-A2D1-64E145E8AB80}
		{AFE17572-2001-49F6-9F6A-6259F03D9CF6} = {DF9CB3C5-52ED-46BD-BBC9-AE4D1199E76F}
		{FDB09EDC-6257-44A3-97F5-6F11FD4D0865} = {DF9CB3C5-52ED-46BD-BBC9-AE4D1199E76F}
		{D148F5B0-6A5E-4260-A49D-9D6D45146241} = {7F38771C-607E-4BBF-8647-EFC689EDAECB}
		{6ADC02FD-1A32-4C4F-ADA0-6F2C09D72764} = {A60AAEBB-DFA9-433E-9E2A-F624E32C2AE7}
		{BC2F1BD8-1A5D-4EBE-BCD3-861A4DBAB527} = {A60AAEBB-DFA9-433E-9E2A-F624E32C2AE7}
		{A1B865BD-5740-499C-AE6A-FF41F78837E4} = {C7BF3265-A77A-4231-B569-E5A3BFF420AE}
		{2942E878-75C1-43C1-BAF3-10020EF9CEB5} = {C7BF3265-A77A-4231-B569-E5A3BFF420AE}
		{7A752002-ECE8-4926-A31D-0A0EC9F6252B} = {C7BF3265-A77A-4231-B569-E5A3BFF420AE}
		{D7D1CF1E-A5CB-44E3-A7E3-A7232DA87F1A} = {5C41867D-4085-49E8-8335-B3733427FC68}
		{B59D81B8-B62E-41D7-81DE-6C95DBEB63BF} = {5C41867D-4085-49E8-8335-B3733427FC68}
		{188724AA-E509-4490-871F-CCE0755A1F1F} = {5C41867D-4085-49E8-8335-B3733427FC68}
		{5FD46F22-0DCC-462D-9151-0613438CE82C} = {5C41867D-4085-49E8-8335-B3733427FC68}
		{8F058E74-4869-417D-8110-AC94B4B8A468} = {5C41867D-4085-49E8-8335-B3733427FC68}
		{697CFB69-EE28-4C21-AF82-4FC5AD4DA97A} = {5C41867D-4085-49E8-8335-B3733427FC68}
		{8F7F743E-D1E2-4876-BE30-1206CEB8BA32} = {5C41867D-4085-49E8-8335-B3733427FC68}
		{B4E24113-CC86-4BEE-8EBC-0C8592420F76} = {49B9D9F0-87EA-48B9-B615-8248FC762107}
		{85A96BD5-84A7-4313-AF41-C74BEBFB00EA} = {49B9D9F0-87EA-48B9-B615-8248FC762107}
		{F72BF65F-2253-43AF-8D8B-4BB706E0AB1B} = {49B9D9F0-87EA-48B9-B615-8248FC762107}
		{32B7B7B2-15F9-48C9-99E2-34D3BED968D9} = {AFE17572-2001-49F6-9F6A-6259F03D9CF6}
		{A962F077-37C2-4FF3-B42D-C5238BB7D6BA} = {AFE17572-2001-49F6-9F6A-6259F03D9CF6}
		{8DDA3DB3-AA9B-40ED-97F6-FC5C4DACD9AD} = {FDB09EDC-6257-44A3-97F5-6F11FD4D0865}
		{A5C02F1B-4826-46A4-99E4-05275D4CEEF5} = {7A752002-ECE8-4926-A31D-0A0EC9F6252B}
	EndGlobalSection
	GlobalSection(ExtensibilityGlobals) = postSolution
		EnterpriseLibraryConfigurationToolBinariesPath = packages\Unity.2.1.505.2\lib\NET35
	EndGlobalSection
EndGlobal
